
Microsoft Visual Studio Solution File, Format Version 12.00
# Visual Studio Version 17
VisualStudioVersion = 17.9.34902.65
MinimumVisualStudioVersion = 10.0.40219.1
Project("{9A19103F-16F7-4668-BE54-9A1E7A4F7556}") = "StubGPT", "StubGPT\StubGPT.csproj", "{F446E6B0-B363-4551-913A-43D336C6FC92}"
EndProject
Project("{54A90642-561A-4BB1-A94E-469ADEE60C69}") = "StubGPT.Client", "StubGPT.Client\StubGPT.Client.esproj", "{59B00155-59AC-4078-8BE4-DEE814ECA57D}"
EndProject
Global
	GlobalSection(SolutionConfigurationPlatforms) = preSolution
		Debug|Any CPU = Debug|Any CPU
		Release|Any CPU = Release|Any CPU
	EndGlobalSection
	GlobalSection(ProjectConfigurationPlatforms) = postSolution
		{F446E6B0-B363-4551-913A-43D336C6FC92}.Debug|Any CPU.ActiveCfg = Debug|Any CPU
		{F446E6B0-B363-4551-913A-43D336C6FC92}.Debug|Any CPU.Build.0 = Debug|Any CPU
		{F446E6B0-B363-4551-913A-43D336C6FC92}.Release|Any CPU.ActiveCfg = Release|Any CPU
		{F446E6B0-B363-4551-913A-43D336C6FC92}.Release|Any CPU.Build.0 = Release|Any CPU
		{59B00155-59AC-4078-8BE4-DEE814ECA57D}.Debug|Any CPU.ActiveCfg = Debug|Any CPU
		{59B00155-59AC-4078-8BE4-DEE814ECA57D}.Debug|Any CPU.Build.0 = Debug|Any CPU
		{59B00155-59AC-4078-8BE4-DEE814ECA57D}.Debug|Any CPU.Deploy.0 = Debug|Any CPU
		{59B00155-59AC-4078-8BE4-DEE814ECA57D}.Release|Any CPU.ActiveCfg = Release|Any CPU
		{59B00155-59AC-4078-8BE4-DEE814ECA57D}.Release|Any CPU.Build.0 = Release|Any CPU
		{59B00155-59AC-4078-8BE4-DEE814ECA57D}.Release|Any CPU.Deploy.0 = Release|Any CPU
	EndGlobalSection
	GlobalSection(SolutionProperties) = preSolution
		HideSolutionNode = FALSE
	EndGlobalSection
	GlobalSection(ExtensibilityGlobals) = postSolution
		SolutionGuid = {28043A84-70A7-4697-BD02-EE7C4E3B991D}
	EndGlobalSection
EndGlobal
